// !$*UTF8*$!
{
	archiveVersion = 1;
	classes = {
	};
	objectVersion = 46;
	objects = {

/* Begin PBXBuildFile section */
		4CCC2FAE0BF555CA61AEF25B /* Pods_architecture_test.framework in Frameworks */ = {isa = PBXBuildFile; fileRef = EF78CC2F83006C97D17A28B0 /* Pods_architecture_test.framework */; };
		5CCE907447F935AED1008411 /* TextEditorViewController.swift in Sources */ = {isa = PBXBuildFile; fileRef = 5CCE9B26135B98599BA2DB99 /* TextEditorViewController.swift */; };
		5CCE912DF004216337BC1D86 /* RealmAccountsDataStore.swift in Sources */ = {isa = PBXBuildFile; fileRef = 5CCE9CC95CEC705464343B70 /* RealmAccountsDataStore.swift */; };
		5CCE93D13A1D30C3E990D52A /* TransactionDetailViewController.swift in Sources */ = {isa = PBXBuildFile; fileRef = 5CCE9D0B07DFF73D9CC49C5E /* TransactionDetailViewController.swift */; };
		5CCE93F14BDED9A874BC9813 /* TransactionDetailViewModel.swift in Sources */ = {isa = PBXBuildFile; fileRef = 5CCE9617B7FC42ABD575C218 /* TransactionDetailViewModel.swift */; };
		5CCE9529EC11D8E87E19DB92 /* RealmDataStore.swift in Sources */ = {isa = PBXBuildFile; fileRef = 5CCE9B7BF7CED953A668A35C /* RealmDataStore.swift */; };
		5CCE9575C4252C18D13E415F /* EditorsCoordinator.swift in Sources */ = {isa = PBXBuildFile; fileRef = 5CCE9052D7A5456B13E26CD2 /* EditorsCoordinator.swift */; };
		5CCE959E5489CA96C9AB66CC /* RealmTransactionsDataStore.swift in Sources */ = {isa = PBXBuildFile; fileRef = 5CCE91C99268D3AA38AE36A4 /* RealmTransactionsDataStore.swift */; };
		5CCE973F8E199C57AB3546BF /* DataStore.swift in Sources */ = {isa = PBXBuildFile; fileRef = 5CCE9D010BF50BC826445D35 /* DataStore.swift */; };
		5CCE97B817B5B7101BBF6395 /* LocalTransactionsDataProvider.swift in Sources */ = {isa = PBXBuildFile; fileRef = 5CCE91BDDCD3436E41D683F2 /* LocalTransactionsDataProvider.swift */; };
		5CCE999B1B19FD8D76C6A30C /* MemoryDataStore.swift in Sources */ = {isa = PBXBuildFile; fileRef = 5CCE941074C7F3BC91748A11 /* MemoryDataStore.swift */; };
		5CCE9ABF712020B9DDD78648 /* TextEditorViewModel.swift in Sources */ = {isa = PBXBuildFile; fileRef = 5CCE9813A24F89240F40FB34 /* TextEditorViewModel.swift */; };
		5CCE9AD18EEEB56E3DE47A6F /* MemoryTransactionsDataStore.swift in Sources */ = {isa = PBXBuildFile; fileRef = 5CCE91A9113956D98BB2A948 /* MemoryTransactionsDataStore.swift */; };
		5CCE9BCA6339B1114984BD12 /* DataSource.swift in Sources */ = {isa = PBXBuildFile; fileRef = 5CCE9B5A9DC417866F31ACAE /* DataSource.swift */; };
		5CCE9DD66673DACEDC4BA7EC /* TransactionModel.swift in Sources */ = {isa = PBXBuildFile; fileRef = 5CCE9C1405401E60E34B7E90 /* TransactionModel.swift */; };
		5CCE9E9825706210710F2FD0 /* LocalAccountsDataSource.swift in Sources */ = {isa = PBXBuildFile; fileRef = 5CCE938B718B6BE9D21838E4 /* LocalAccountsDataSource.swift */; };
		5CCE9F523551A41615AD40DA /* MemoryAccountsDataStore.swift in Sources */ = {isa = PBXBuildFile; fileRef = 5CCE92DBEC46B387D13C4B4C /* MemoryAccountsDataStore.swift */; };
		5CCE9FAD2A1AF4C5DD98D9FE /* AccountModel.swift in Sources */ = {isa = PBXBuildFile; fileRef = 5CCE9DC8DB6961C52CF98953 /* AccountModel.swift */; };
		DC16BC641DC3A280005FBDC2 /* AppDelegate.swift in Sources */ = {isa = PBXBuildFile; fileRef = DC16BC631DC3A280005FBDC2 /* AppDelegate.swift */; };
		DC16BC6B1DC3A280005FBDC2 /* Assets.xcassets in Resources */ = {isa = PBXBuildFile; fileRef = DC16BC6A1DC3A280005FBDC2 /* Assets.xcassets */; };
		DC16BC6E1DC3A280005FBDC2 /* LaunchScreen.storyboard in Resources */ = {isa = PBXBuildFile; fileRef = DC16BC6C1DC3A280005FBDC2 /* LaunchScreen.storyboard */; };
		DC16BC821DC3A47C005FBDC2 /* Result.swift in Sources */ = {isa = PBXBuildFile; fileRef = DC16BC811DC3A47C005FBDC2 /* Result.swift */; };
		DC16BC881DC3BA16005FBDC2 /* AccountsListViewModel.swift in Sources */ = {isa = PBXBuildFile; fileRef = DC16BC871DC3BA16005FBDC2 /* AccountsListViewModel.swift */; };
		DC16BC8A1DC3BB8B005FBDC2 /* AccountsListViewController.swift in Sources */ = {isa = PBXBuildFile; fileRef = DC16BC891DC3BB8B005FBDC2 /* AccountsListViewController.swift */; };
		DC16BC8C1DC3CFFB005FBDC2 /* AccountDetailViewController.swift in Sources */ = {isa = PBXBuildFile; fileRef = DC16BC8B1DC3CFFB005FBDC2 /* AccountDetailViewController.swift */; };
		DC16BC8E1DC3D009005FBDC2 /* AccountDetailViewModel.swift in Sources */ = {isa = PBXBuildFile; fileRef = DC16BC8D1DC3D009005FBDC2 /* AccountDetailViewModel.swift */; };
		DC3B443C1DC52F24006C8805 /* AccountsCoordinator.swift in Sources */ = {isa = PBXBuildFile; fileRef = DC3B443B1DC52F24006C8805 /* AccountsCoordinator.swift */; };
		DC4FCD241DC6B5EC007D28AE /* TransactionsListViewController.swift in Sources */ = {isa = PBXBuildFile; fileRef = DC4FCD231DC6B5EC007D28AE /* TransactionsListViewController.swift */; };
		DC4FCD261DC6B60F007D28AE /* TransactionsListViewModel.swift in Sources */ = {isa = PBXBuildFile; fileRef = DC4FCD251DC6B60F007D28AE /* TransactionsListViewModel.swift */; };
		DC4FCD281DC6B883007D28AE /* Transactions.storyboard in Resources */ = {isa = PBXBuildFile; fileRef = DC4FCD271DC6B883007D28AE /* Transactions.storyboard */; };
		DC99C53B1DC4D27500EC071B /* Accounts.storyboard in Resources */ = {isa = PBXBuildFile; fileRef = DC99C53A1DC4D27500EC071B /* Accounts.storyboard */; };
		DCE1093C1DD895C800F8B68B /* Editors.storyboard in Resources */ = {isa = PBXBuildFile; fileRef = DCE1093B1DD895C800F8B68B /* Editors.storyboard */; };
		DCEF6A191DC76090000EF33E /* TransactionsCoordinator.swift in Sources */ = {isa = PBXBuildFile; fileRef = DCEF6A181DC76090000EF33E /* TransactionsCoordinator.swift */; };
/* End PBXBuildFile section */

/* Begin PBXFileReference section */
		5CCE9052D7A5456B13E26CD2 /* EditorsCoordinator.swift */ = {isa = PBXFileReference; fileEncoding = 4; lastKnownFileType = sourcecode.swift; path = EditorsCoordinator.swift; sourceTree = "<group>"; };
		5CCE91A9113956D98BB2A948 /* MemoryTransactionsDataStore.swift */ = {isa = PBXFileReference; fileEncoding = 4; lastKnownFileType = sourcecode.swift; path = MemoryTransactionsDataStore.swift; sourceTree = "<group>"; };
		5CCE91BDDCD3436E41D683F2 /* LocalTransactionsDataProvider.swift */ = {isa = PBXFileReference; fileEncoding = 4; lastKnownFileType = sourcecode.swift; path = LocalTransactionsDataProvider.swift; sourceTree = "<group>"; };
		5CCE91C99268D3AA38AE36A4 /* RealmTransactionsDataStore.swift */ = {isa = PBXFileReference; fileEncoding = 4; lastKnownFileType = sourcecode.swift; path = RealmTransactionsDataStore.swift; sourceTree = "<group>"; };
		5CCE92DBEC46B387D13C4B4C /* MemoryAccountsDataStore.swift */ = {isa = PBXFileReference; fileEncoding = 4; lastKnownFileType = sourcecode.swift; path = MemoryAccountsDataStore.swift; sourceTree = "<group>"; };
		5CCE938B718B6BE9D21838E4 /* LocalAccountsDataSource.swift */ = {isa = PBXFileReference; fileEncoding = 4; lastKnownFileType = sourcecode.swift; path = LocalAccountsDataSource.swift; sourceTree = "<group>"; };
		5CCE941074C7F3BC91748A11 /* MemoryDataStore.swift */ = {isa = PBXFileReference; fileEncoding = 4; lastKnownFileType = sourcecode.swift; path = MemoryDataStore.swift; sourceTree = "<group>"; };
		5CCE9617B7FC42ABD575C218 /* TransactionDetailViewModel.swift */ = {isa = PBXFileReference; fileEncoding = 4; lastKnownFileType = sourcecode.swift; path = TransactionDetailViewModel.swift; sourceTree = "<group>"; };
		5CCE9813A24F89240F40FB34 /* TextEditorViewModel.swift */ = {isa = PBXFileReference; fileEncoding = 4; lastKnownFileType = sourcecode.swift; path = TextEditorViewModel.swift; sourceTree = "<group>"; };
		5CCE9B26135B98599BA2DB99 /* TextEditorViewController.swift */ = {isa = PBXFileReference; fileEncoding = 4; lastKnownFileType = sourcecode.swift; path = TextEditorViewController.swift; sourceTree = "<group>"; };
		5CCE9B5A9DC417866F31ACAE /* DataSource.swift */ = {isa = PBXFileReference; fileEncoding = 4; lastKnownFileType = sourcecode.swift; path = DataSource.swift; sourceTree = "<group>"; };
		5CCE9B7BF7CED953A668A35C /* RealmDataStore.swift */ = {isa = PBXFileReference; fileEncoding = 4; lastKnownFileType = sourcecode.swift; path = RealmDataStore.swift; sourceTree = "<group>"; };
		5CCE9C1405401E60E34B7E90 /* TransactionModel.swift */ = {isa = PBXFileReference; fileEncoding = 4; lastKnownFileType = sourcecode.swift; path = TransactionModel.swift; sourceTree = "<group>"; };
		5CCE9CC95CEC705464343B70 /* RealmAccountsDataStore.swift */ = {isa = PBXFileReference; fileEncoding = 4; lastKnownFileType = sourcecode.swift; path = RealmAccountsDataStore.swift; sourceTree = "<group>"; };
		5CCE9D010BF50BC826445D35 /* DataStore.swift */ = {isa = PBXFileReference; fileEncoding = 4; lastKnownFileType = sourcecode.swift; path = DataStore.swift; sourceTree = "<group>"; };
		5CCE9D0B07DFF73D9CC49C5E /* TransactionDetailViewController.swift */ = {isa = PBXFileReference; fileEncoding = 4; lastKnownFileType = sourcecode.swift; path = TransactionDetailViewController.swift; sourceTree = "<group>"; };
		5CCE9DC8DB6961C52CF98953 /* AccountModel.swift */ = {isa = PBXFileReference; fileEncoding = 4; lastKnownFileType = sourcecode.swift; path = AccountModel.swift; sourceTree = "<group>"; };
		64DD824AE588B986194EAD1F /* Pods-architecture_test.release.xcconfig */ = {isa = PBXFileReference; includeInIndex = 1; lastKnownFileType = text.xcconfig; name = "Pods-architecture_test.release.xcconfig"; path = "Pods/Target Support Files/Pods-architecture_test/Pods-architecture_test.release.xcconfig"; sourceTree = "<group>"; };
		ABA1B852A3F6436FA16C2858 /* Pods-architecture_test.debug.xcconfig */ = {isa = PBXFileReference; includeInIndex = 1; lastKnownFileType = text.xcconfig; name = "Pods-architecture_test.debug.xcconfig"; path = "Pods/Target Support Files/Pods-architecture_test/Pods-architecture_test.debug.xcconfig"; sourceTree = "<group>"; };
		DC16BC601DC3A280005FBDC2 /* architecture_test.app */ = {isa = PBXFileReference; explicitFileType = wrapper.application; includeInIndex = 0; path = architecture_test.app; sourceTree = BUILT_PRODUCTS_DIR; };
		DC16BC631DC3A280005FBDC2 /* AppDelegate.swift */ = {isa = PBXFileReference; lastKnownFileType = sourcecode.swift; path = AppDelegate.swift; sourceTree = "<group>"; };
		DC16BC6A1DC3A280005FBDC2 /* Assets.xcassets */ = {isa = PBXFileReference; lastKnownFileType = folder.assetcatalog; path = Assets.xcassets; sourceTree = "<group>"; };
		DC16BC6D1DC3A280005FBDC2 /* Base */ = {isa = PBXFileReference; lastKnownFileType = file.storyboard; name = Base; path = Base.lproj/LaunchScreen.storyboard; sourceTree = "<group>"; };
		DC16BC6F1DC3A280005FBDC2 /* Info.plist */ = {isa = PBXFileReference; lastKnownFileType = text.plist.xml; path = Info.plist; sourceTree = "<group>"; };
		DC16BC811DC3A47C005FBDC2 /* Result.swift */ = {isa = PBXFileReference; fileEncoding = 4; lastKnownFileType = sourcecode.swift; path = Result.swift; sourceTree = "<group>"; };
		DC16BC871DC3BA16005FBDC2 /* AccountsListViewModel.swift */ = {isa = PBXFileReference; fileEncoding = 4; lastKnownFileType = sourcecode.swift; path = AccountsListViewModel.swift; sourceTree = "<group>"; };
		DC16BC891DC3BB8B005FBDC2 /* AccountsListViewController.swift */ = {isa = PBXFileReference; fileEncoding = 4; lastKnownFileType = sourcecode.swift; path = AccountsListViewController.swift; sourceTree = "<group>"; };
		DC16BC8B1DC3CFFB005FBDC2 /* AccountDetailViewController.swift */ = {isa = PBXFileReference; fileEncoding = 4; lastKnownFileType = sourcecode.swift; path = AccountDetailViewController.swift; sourceTree = "<group>"; };
		DC16BC8D1DC3D009005FBDC2 /* AccountDetailViewModel.swift */ = {isa = PBXFileReference; fileEncoding = 4; lastKnownFileType = sourcecode.swift; path = AccountDetailViewModel.swift; sourceTree = "<group>"; };
		DC3B443B1DC52F24006C8805 /* AccountsCoordinator.swift */ = {isa = PBXFileReference; fileEncoding = 4; lastKnownFileType = sourcecode.swift; path = AccountsCoordinator.swift; sourceTree = "<group>"; };
		DC4FCD231DC6B5EC007D28AE /* TransactionsListViewController.swift */ = {isa = PBXFileReference; fileEncoding = 4; lastKnownFileType = sourcecode.swift; path = TransactionsListViewController.swift; sourceTree = "<group>"; };
		DC4FCD251DC6B60F007D28AE /* TransactionsListViewModel.swift */ = {isa = PBXFileReference; fileEncoding = 4; lastKnownFileType = sourcecode.swift; path = TransactionsListViewModel.swift; sourceTree = "<group>"; };
		DC4FCD271DC6B883007D28AE /* Transactions.storyboard */ = {isa = PBXFileReference; fileEncoding = 4; lastKnownFileType = file.storyboard; path = Transactions.storyboard; sourceTree = "<group>"; };
		DC99C53A1DC4D27500EC071B /* Accounts.storyboard */ = {isa = PBXFileReference; fileEncoding = 4; lastKnownFileType = file.storyboard; path = Accounts.storyboard; sourceTree = "<group>"; };
		DCE1093B1DD895C800F8B68B /* Editors.storyboard */ = {isa = PBXFileReference; fileEncoding = 4; lastKnownFileType = file.storyboard; path = Editors.storyboard; sourceTree = "<group>"; };
		DCEF6A181DC76090000EF33E /* TransactionsCoordinator.swift */ = {isa = PBXFileReference; fileEncoding = 4; lastKnownFileType = sourcecode.swift; path = TransactionsCoordinator.swift; sourceTree = "<group>"; };
		EF78CC2F83006C97D17A28B0 /* Pods_architecture_test.framework */ = {isa = PBXFileReference; explicitFileType = wrapper.framework; includeInIndex = 0; path = Pods_architecture_test.framework; sourceTree = BUILT_PRODUCTS_DIR; };
/* End PBXFileReference section */

/* Begin PBXFrameworksBuildPhase section */
		DC16BC5D1DC3A280005FBDC2 /* Frameworks */ = {
			isa = PBXFrameworksBuildPhase;
			buildActionMask = 2147483647;
			files = (
				4CCC2FAE0BF555CA61AEF25B /* Pods_architecture_test.framework in Frameworks */,
			);
			runOnlyForDeploymentPostprocessing = 0;
		};
/* End PBXFrameworksBuildPhase section */

/* Begin PBXGroup section */
		4AF8FC7366DB4BAAB70591CB /* Frameworks */ = {
			isa = PBXGroup;
			children = (
				EF78CC2F83006C97D17A28B0 /* Pods_architecture_test.framework */,
			);
			name = Frameworks;
			sourceTree = "<group>";
		};
		5CCE91F026819FDBAD4CEBED /* Data Source */ = {
			isa = PBXGroup;
			children = (
				5CCE938B718B6BE9D21838E4 /* LocalAccountsDataSource.swift */,
				5CCE91BDDCD3436E41D683F2 /* LocalTransactionsDataProvider.swift */,
			);
			path = "Data Source";
			sourceTree = "<group>";
		};
		5CCE931475B72D9C0781E93F /* Editors */ = {
			isa = PBXGroup;
			children = (
				5CCE9813A24F89240F40FB34 /* TextEditorViewModel.swift */,
			);
			path = Editors;
			sourceTree = "<group>";
		};
		5CCE95823104716BE719783A /* Realm Data Store */ = {
			isa = PBXGroup;
			children = (
				5CCE9CC95CEC705464343B70 /* RealmAccountsDataStore.swift */,
				5CCE9B7BF7CED953A668A35C /* RealmDataStore.swift */,
				5CCE91C99268D3AA38AE36A4 /* RealmTransactionsDataStore.swift */,
			);
			path = "Realm Data Store";
			sourceTree = "<group>";
		};
		5CCE9594B4205F2354AF8A54 /* Editors */ = {
			isa = PBXGroup;
			children = (
				DCE1093B1DD895C800F8B68B /* Editors.storyboard */,
				5CCE9B26135B98599BA2DB99 /* TextEditorViewController.swift */,
			);
			path = Editors;
			sourceTree = "<group>";
		};
		5CCE9E6D991677CD5AAA201E /* Memory Data Store */ = {
			isa = PBXGroup;
			children = (
				5CCE92DBEC46B387D13C4B4C /* MemoryAccountsDataStore.swift */,
				5CCE941074C7F3BC91748A11 /* MemoryDataStore.swift */,
				5CCE91A9113956D98BB2A948 /* MemoryTransactionsDataStore.swift */,
			);
			path = "Memory Data Store";
			sourceTree = "<group>";
		};
		D13ADE9FFA1A430B8BB31CF8 /* Pods */ = {
			isa = PBXGroup;
			children = (
				ABA1B852A3F6436FA16C2858 /* Pods-architecture_test.debug.xcconfig */,
				64DD824AE588B986194EAD1F /* Pods-architecture_test.release.xcconfig */,
			);
			name = Pods;
			sourceTree = "<group>";
		};
		DC16BC571DC3A280005FBDC2 = {
			isa = PBXGroup;
			children = (
				4AF8FC7366DB4BAAB70591CB /* Frameworks */,
				D13ADE9FFA1A430B8BB31CF8 /* Pods */,
				DC16BC611DC3A280005FBDC2 /* Products */,
				DC16BC621DC3A280005FBDC2 /* architecture_test */,
			);
			sourceTree = "<group>";
		};
		DC16BC611DC3A280005FBDC2 /* Products */ = {
			isa = PBXGroup;
			children = (
				DC16BC601DC3A280005FBDC2 /* architecture_test.app */,
			);
			name = Products;
			sourceTree = "<group>";
		};
		DC16BC621DC3A280005FBDC2 /* architecture_test */ = {
			isa = PBXGroup;
			children = (
				DC16BC781DC3A2AD005FBDC2 /* Application */,
				DC3B443A1DC52F11006C8805 /* Coordinators */,
				DC16BC801DC3A46C005FBDC2 /* Helpers */,
				DC16BC7B1DC3A319005FBDC2 /* Models */,
				DC16BC761DC3A29C005FBDC2 /* Resources */,
				DC16BC771DC3A2A4005FBDC2 /* Support Files */,
				DC16BC791DC3A2E3005FBDC2 /* View Models */,
				DC16BC751DC3A296005FBDC2 /* Views */,
			);
			path = architecture_test;
			sourceTree = "<group>";
		};
		DC16BC751DC3A296005FBDC2 /* Views */ = {
			isa = PBXGroup;
			children = (
				DC99C5391DC4D25E00EC071B /* Accounts */,
				5CCE9594B4205F2354AF8A54 /* Editors */,
				DC4FCD211DC6B563007D28AE /* Transactions */,
				DC16BC6C1DC3A280005FBDC2 /* LaunchScreen.storyboard */,
			);
			path = Views;
			sourceTree = "<group>";
		};
		DC16BC761DC3A29C005FBDC2 /* Resources */ = {
			isa = PBXGroup;
			children = (
				DC16BC6A1DC3A280005FBDC2 /* Assets.xcassets */,
			);
			path = Resources;
			sourceTree = "<group>";
		};
		DC16BC771DC3A2A4005FBDC2 /* Support Files */ = {
			isa = PBXGroup;
			children = (
				DC16BC6F1DC3A280005FBDC2 /* Info.plist */,
			);
			path = "Support Files";
			sourceTree = "<group>";
		};
		DC16BC781DC3A2AD005FBDC2 /* Application */ = {
			isa = PBXGroup;
			children = (
				DC16BC631DC3A280005FBDC2 /* AppDelegate.swift */,
			);
			path = Application;
			sourceTree = "<group>";
		};
		DC16BC791DC3A2E3005FBDC2 /* View Models */ = {
			isa = PBXGroup;
			children = (
				DC4FCD201DC6B559007D28AE /* Accounts */,
				5CCE931475B72D9C0781E93F /* Editors */,
				DC4FCD221DC6B577007D28AE /* Transactions */,
			);
			path = "View Models";
			sourceTree = "<group>";
		};
		DC16BC7B1DC3A319005FBDC2 /* Models */ = {
			isa = PBXGroup;
			children = (
				5CCE91F026819FDBAD4CEBED /* Data Source */,
				5CCE9E6D991677CD5AAA201E /* Memory Data Store */,
				5CCE95823104716BE719783A /* Realm Data Store */,
				5CCE9DC8DB6961C52CF98953 /* AccountModel.swift */,
				5CCE9B5A9DC417866F31ACAE /* DataSource.swift */,
				5CCE9D010BF50BC826445D35 /* DataStore.swift */,
				5CCE9C1405401E60E34B7E90 /* TransactionModel.swift */,
			);
			path = Models;
			sourceTree = "<group>";
		};
		DC16BC801DC3A46C005FBDC2 /* Helpers */ = {
			isa = PBXGroup;
			children = (
				DC16BC811DC3A47C005FBDC2 /* Result.swift */,
			);
			path = Helpers;
			sourceTree = "<group>";
		};
		DC3B443A1DC52F11006C8805 /* Coordinators */ = {
			isa = PBXGroup;
			children = (
				DC3B443B1DC52F24006C8805 /* AccountsCoordinator.swift */,
				5CCE9052D7A5456B13E26CD2 /* EditorsCoordinator.swift */,
				DCEF6A181DC76090000EF33E /* TransactionsCoordinator.swift */,
			);
			path = Coordinators;
			sourceTree = "<group>";
		};
		DC4FCD201DC6B559007D28AE /* Accounts */ = {
			isa = PBXGroup;
			children = (
				DC16BC8D1DC3D009005FBDC2 /* AccountDetailViewModel.swift */,
				DC16BC871DC3BA16005FBDC2 /* AccountsListViewModel.swift */,
			);
			path = Accounts;
			sourceTree = "<group>";
		};
		DC4FCD211DC6B563007D28AE /* Transactions */ = {
			isa = PBXGroup;
			children = (
				5CCE9D0B07DFF73D9CC49C5E /* TransactionDetailViewController.swift */,
				DC4FCD271DC6B883007D28AE /* Transactions.storyboard */,
				DC4FCD231DC6B5EC007D28AE /* TransactionsListViewController.swift */,
			);
			path = Transactions;
			sourceTree = "<group>";
		};
		DC4FCD221DC6B577007D28AE /* Transactions */ = {
			isa = PBXGroup;
			children = (
				5CCE9617B7FC42ABD575C218 /* TransactionDetailViewModel.swift */,
				DC4FCD251DC6B60F007D28AE /* TransactionsListViewModel.swift */,
			);
			path = Transactions;
			sourceTree = "<group>";
		};
		DC99C5391DC4D25E00EC071B /* Accounts */ = {
			isa = PBXGroup;
			children = (
				DC99C53A1DC4D27500EC071B /* Accounts.storyboard */,
				DC16BC891DC3BB8B005FBDC2 /* AccountsListViewController.swift */,
				DC16BC8B1DC3CFFB005FBDC2 /* AccountDetailViewController.swift */,
			);
			path = Accounts;
			sourceTree = "<group>";
		};
/* End PBXGroup section */

/* Begin PBXNativeTarget section */
		DC16BC5F1DC3A280005FBDC2 /* architecture_test */ = {
			isa = PBXNativeTarget;
			buildConfigurationList = DC16BC721DC3A280005FBDC2 /* Build configuration list for PBXNativeTarget "architecture_test" */;
			buildPhases = (
				C0D7F823F3C99C9928B12FEB /* [CP] Check Pods Manifest.lock */,
				DC16BC5C1DC3A280005FBDC2 /* Sources */,
				DC16BC5D1DC3A280005FBDC2 /* Frameworks */,
				DC16BC5E1DC3A280005FBDC2 /* Resources */,
				1C89B60E45B719A20680A772 /* [CP] Embed Pods Frameworks */,
				A10955A3A3053A0854E74D63 /* [CP] Copy Pods Resources */,
			);
			buildRules = (
			);
			dependencies = (
			);
			name = architecture_test;
			productName = architecture_test;
			productReference = DC16BC601DC3A280005FBDC2 /* architecture_test.app */;
			productType = "com.apple.product-type.application";
		};
/* End PBXNativeTarget section */

/* Begin PBXProject section */
		DC16BC581DC3A280005FBDC2 /* Project object */ = {
			isa = PBXProject;
			attributes = {
				LastSwiftUpdateCheck = 0810;
				LastUpgradeCheck = 0810;
				TargetAttributes = {
					DC16BC5F1DC3A280005FBDC2 = {
						CreatedOnToolsVersion = 8.1;
						DevelopmentTeam = 7S43ELA7C6;
						ProvisioningStyle = Automatic;
					};
				};
			};
			buildConfigurationList = DC16BC5B1DC3A280005FBDC2 /* Build configuration list for PBXProject "architecture_test" */;
			compatibilityVersion = "Xcode 3.2";
			developmentRegion = English;
			hasScannedForEncodings = 0;
			knownRegions = (
				en,
				Base,
			);
			mainGroup = DC16BC571DC3A280005FBDC2;
			productRefGroup = DC16BC611DC3A280005FBDC2 /* Products */;
			projectDirPath = "";
			projectRoot = "";
			targets = (
				DC16BC5F1DC3A280005FBDC2 /* architecture_test */,
			);
		};
/* End PBXProject section */

/* Begin PBXResourcesBuildPhase section */
		DC16BC5E1DC3A280005FBDC2 /* Resources */ = {
			isa = PBXResourcesBuildPhase;
			buildActionMask = 2147483647;
			files = (
				DCE1093C1DD895C800F8B68B /* Editors.storyboard in Resources */,
				DC16BC6E1DC3A280005FBDC2 /* LaunchScreen.storyboard in Resources */,
				DC16BC6B1DC3A280005FBDC2 /* Assets.xcassets in Resources */,
				DC99C53B1DC4D27500EC071B /* Accounts.storyboard in Resources */,
				DC4FCD281DC6B883007D28AE /* Transactions.storyboard in Resources */,
			);
			runOnlyForDeploymentPostprocessing = 0;
		};
/* End PBXResourcesBuildPhase section */

/* Begin PBXShellScriptBuildPhase section */
		1C89B60E45B719A20680A772 /* [CP] Embed Pods Frameworks */ = {
			isa = PBXShellScriptBuildPhase;
			buildActionMask = 2147483647;
			files = (
			);
			inputPaths = (
			);
			name = "[CP] Embed Pods Frameworks";
			outputPaths = (
			);
			runOnlyForDeploymentPostprocessing = 0;
			shellPath = /bin/sh;
			shellScript = "\"${SRCROOT}/Pods/Target Support Files/Pods-architecture_test/Pods-architecture_test-frameworks.sh\"\n";
			showEnvVarsInLog = 0;
		};
		A10955A3A3053A0854E74D63 /* [CP] Copy Pods Resources */ = {
			isa = PBXShellScriptBuildPhase;
			buildActionMask = 2147483647;
			files = (
			);
			inputPaths = (
			);
			name = "[CP] Copy Pods Resources";
			outputPaths = (
			);
			runOnlyForDeploymentPostprocessing = 0;
			shellPath = /bin/sh;
			shellScript = "\"${SRCROOT}/Pods/Target Support Files/Pods-architecture_test/Pods-architecture_test-resources.sh\"\n";
			showEnvVarsInLog = 0;
		};
		C0D7F823F3C99C9928B12FEB /* [CP] Check Pods Manifest.lock */ = {
			isa = PBXShellScriptBuildPhase;
			buildActionMask = 2147483647;
			files = (
			);
			inputPaths = (
			);
			name = "[CP] Check Pods Manifest.lock";
			outputPaths = (
			);
			runOnlyForDeploymentPostprocessing = 0;
			shellPath = /bin/sh;
			shellScript = "diff \"${PODS_ROOT}/../Podfile.lock\" \"${PODS_ROOT}/Manifest.lock\" > /dev/null\nif [ $? != 0 ] ; then\n    # print error to STDERR\n    echo \"error: The sandbox is not in sync with the Podfile.lock. Run 'pod install' or update your CocoaPods installation.\" >&2\n    exit 1\nfi\n";
			showEnvVarsInLog = 0;
		};
/* End PBXShellScriptBuildPhase section */

/* Begin PBXSourcesBuildPhase section */
		DC16BC5C1DC3A280005FBDC2 /* Sources */ = {
			isa = PBXSourcesBuildPhase;
			buildActionMask = 2147483647;
			files = (
				DC4FCD241DC6B5EC007D28AE /* TransactionsListViewController.swift in Sources */,
				DC4FCD261DC6B60F007D28AE /* TransactionsListViewModel.swift in Sources */,
				DC16BC8E1DC3D009005FBDC2 /* AccountDetailViewModel.swift in Sources */,
				DCEF6A191DC76090000EF33E /* TransactionsCoordinator.swift in Sources */,
				DC16BC8C1DC3CFFB005FBDC2 /* AccountDetailViewController.swift in Sources */,
				DC16BC821DC3A47C005FBDC2 /* Result.swift in Sources */,
				DC16BC8A1DC3BB8B005FBDC2 /* AccountsListViewController.swift in Sources */,
				DC16BC881DC3BA16005FBDC2 /* AccountsListViewModel.swift in Sources */,
				DC3B443C1DC52F24006C8805 /* AccountsCoordinator.swift in Sources */,
				DC16BC641DC3A280005FBDC2 /* AppDelegate.swift in Sources */,
				5CCE9F523551A41615AD40DA /* MemoryAccountsDataStore.swift in Sources */,
				5CCE97B817B5B7101BBF6395 /* LocalTransactionsDataProvider.swift in Sources */,
				5CCE9E9825706210710F2FD0 /* LocalAccountsDataSource.swift in Sources */,
				5CCE9AD18EEEB56E3DE47A6F /* MemoryTransactionsDataStore.swift in Sources */,
				5CCE999B1B19FD8D76C6A30C /* MemoryDataStore.swift in Sources */,
				5CCE93D13A1D30C3E990D52A /* TransactionDetailViewController.swift in Sources */,
				5CCE93F14BDED9A874BC9813 /* TransactionDetailViewModel.swift in Sources */,
				5CCE9FAD2A1AF4C5DD98D9FE /* AccountModel.swift in Sources */,
				5CCE9DD66673DACEDC4BA7EC /* TransactionModel.swift in Sources */,
				5CCE9BCA6339B1114984BD12 /* DataSource.swift in Sources */,
				5CCE973F8E199C57AB3546BF /* DataStore.swift in Sources */,
				5CCE912DF004216337BC1D86 /* RealmAccountsDataStore.swift in Sources */,
				5CCE9529EC11D8E87E19DB92 /* RealmDataStore.swift in Sources */,
				5CCE959E5489CA96C9AB66CC /* RealmTransactionsDataStore.swift in Sources */,
				5CCE907447F935AED1008411 /* TextEditorViewController.swift in Sources */,
				5CCE9ABF712020B9DDD78648 /* TextEditorViewModel.swift in Sources */,
				5CCE9575C4252C18D13E415F /* EditorsCoordinator.swift in Sources */,
			);
			runOnlyForDeploymentPostprocessing = 0;
		};
/* End PBXSourcesBuildPhase section */

/* Begin PBXVariantGroup section */
		DC16BC6C1DC3A280005FBDC2 /* LaunchScreen.storyboard */ = {
			isa = PBXVariantGroup;
			children = (
				DC16BC6D1DC3A280005FBDC2 /* Base */,
			);
			name = LaunchScreen.storyboard;
			path = .;
			sourceTree = "<group>";
		};
/* End PBXVariantGroup section */

/* Begin XCBuildConfiguration section */
		DC16BC701DC3A280005FBDC2 /* Debug */ = {
			isa = XCBuildConfiguration;
			buildSettings = {
				ALWAYS_SEARCH_USER_PATHS = NO;
				CLANG_ANALYZER_NONNULL = YES;
				CLANG_CXX_LANGUAGE_STANDARD = "gnu++0x";
				CLANG_CXX_LIBRARY = "libc++";
				CLANG_ENABLE_MODULES = YES;
				CLANG_ENABLE_OBJC_ARC = YES;
				CLANG_WARN_BOOL_CONVERSION = YES;
				CLANG_WARN_CONSTANT_CONVERSION = YES;
				CLANG_WARN_DIRECT_OBJC_ISA_USAGE = YES_ERROR;
				CLANG_WARN_DOCUMENTATION_COMMENTS = YES;
				CLANG_WARN_EMPTY_BODY = YES;
				CLANG_WARN_ENUM_CONVERSION = YES;
				CLANG_WARN_INFINITE_RECURSION = YES;
				CLANG_WARN_INT_CONVERSION = YES;
				CLANG_WARN_OBJC_ROOT_CLASS = YES_ERROR;
				CLANG_WARN_SUSPICIOUS_MOVES = YES;
				CLANG_WARN_UNREACHABLE_CODE = YES;
				CLANG_WARN__DUPLICATE_METHOD_MATCH = YES;
				"CODE_SIGN_IDENTITY[sdk=iphoneos*]" = "iPhone Developer";
				COPY_PHASE_STRIP = NO;
				DEBUG_INFORMATION_FORMAT = dwarf;
				ENABLE_STRICT_OBJC_MSGSEND = YES;
				ENABLE_TESTABILITY = YES;
				GCC_C_LANGUAGE_STANDARD = gnu99;
				GCC_DYNAMIC_NO_PIC = NO;
				GCC_NO_COMMON_BLOCKS = YES;
				GCC_OPTIMIZATION_LEVEL = 0;
				GCC_PREPROCESSOR_DEFINITIONS = (
					"DEBUG=1",
					"$(inherited)",
				);
				GCC_WARN_64_TO_32_BIT_CONVERSION = YES;
				GCC_WARN_ABOUT_RETURN_TYPE = YES_ERROR;
				GCC_WARN_UNDECLARED_SELECTOR = YES;
				GCC_WARN_UNINITIALIZED_AUTOS = YES_AGGRESSIVE;
				GCC_WARN_UNUSED_FUNCTION = YES;
				GCC_WARN_UNUSED_VARIABLE = YES;
				IPHONEOS_DEPLOYMENT_TARGET = 10.1;
				MTL_ENABLE_DEBUG_INFO = YES;
				ONLY_ACTIVE_ARCH = YES;
				SDKROOT = iphoneos;
				SWIFT_ACTIVE_COMPILATION_CONDITIONS = DEBUG;
				SWIFT_OPTIMIZATION_LEVEL = "-Onone";
			};
			name = Debug;
		};
		DC16BC711DC3A280005FBDC2 /* Release */ = {
			isa = XCBuildConfiguration;
			buildSettings = {
				ALWAYS_SEARCH_USER_PATHS = NO;
				CLANG_ANALYZER_NONNULL = YES;
				CLANG_CXX_LANGUAGE_STANDARD = "gnu++0x";
				CLANG_CXX_LIBRARY = "libc++";
				CLANG_ENABLE_MODULES = YES;
				CLANG_ENABLE_OBJC_ARC = YES;
				CLANG_WARN_BOOL_CONVERSION = YES;
				CLANG_WARN_CONSTANT_CONVERSION = YES;
				CLANG_WARN_DIRECT_OBJC_ISA_USAGE = YES_ERROR;
				CLANG_WARN_DOCUMENTATION_COMMENTS = YES;
				CLANG_WARN_EMPTY_BODY = YES;
				CLANG_WARN_ENUM_CONVERSION = YES;
				CLANG_WARN_INFINITE_RECURSION = YES;
				CLANG_WARN_INT_CONVERSION = YES;
				CLANG_WARN_OBJC_ROOT_CLASS = YES_ERROR;
				CLANG_WARN_SUSPICIOUS_MOVES = YES;
				CLANG_WARN_UNREACHABLE_CODE = YES;
				CLANG_WARN__DUPLICATE_METHOD_MATCH = YES;
				"CODE_SIGN_IDENTITY[sdk=iphoneos*]" = "iPhone Developer";
				COPY_PHASE_STRIP = NO;
				DEBUG_INFORMATION_FORMAT = "dwarf-with-dsym";
				ENABLE_NS_ASSERTIONS = NO;
				ENABLE_STRICT_OBJC_MSGSEND = YES;
				GCC_C_LANGUAGE_STANDARD = gnu99;
				GCC_NO_COMMON_BLOCKS = YES;
				GCC_WARN_64_TO_32_BIT_CONVERSION = YES;
				GCC_WARN_ABOUT_RETURN_TYPE = YES_ERROR;
				GCC_WARN_UNDECLARED_SELECTOR = YES;
				GCC_WARN_UNINITIALIZED_AUTOS = YES_AGGRESSIVE;
				GCC_WARN_UNUSED_FUNCTION = YES;
				GCC_WARN_UNUSED_VARIABLE = YES;
				IPHONEOS_DEPLOYMENT_TARGET = 10.1;
				MTL_ENABLE_DEBUG_INFO = NO;
				SDKROOT = iphoneos;
				SWIFT_OPTIMIZATION_LEVEL = "-Owholemodule";
				VALIDATE_PRODUCT = YES;
			};
			name = Release;
		};
		DC16BC731DC3A280005FBDC2 /* Debug */ = {
			isa = XCBuildConfiguration;
			baseConfigurationReference = ABA1B852A3F6436FA16C2858 /* Pods-architecture_test.debug.xcconfig */;
			buildSettings = {
				ASSETCATALOG_COMPILER_APPICON_NAME = AppIcon;
				DEVELOPMENT_TEAM = 7S43ELA7C6;
				INFOPLIST_FILE = "architecture_test/Support Files/Info.plist";
				IPHONEOS_DEPLOYMENT_TARGET = 10.0;
				LD_RUNPATH_SEARCH_PATHS = "$(inherited) @executable_path/Frameworks";
				PRODUCT_BUNDLE_IDENTIFIER = "com.felixssimoes.architecture-test";
				PRODUCT_NAME = "$(TARGET_NAME)";
				SWIFT_VERSION = 3.0;
			};
			name = Debug;
		};
		DC16BC741DC3A280005FBDC2 /* Release */ = {
			isa = XCBuildConfiguration;
			baseConfigurationReference = 64DD824AE588B986194EAD1F /* Pods-architecture_test.release.xcconfig */;
			buildSettings = {
				ASSETCATALOG_COMPILER_APPICON_NAME = AppIcon;
				DEVELOPMENT_TEAM = 7S43ELA7C6;
				INFOPLIST_FILE = "architecture_test/Support Files/Info.plist";
				IPHONEOS_DEPLOYMENT_TARGET = 10.0;
				LD_RUNPATH_SEARCH_PATHS = "$(inherited) @executable_path/Frameworks";
				PRODUCT_BUNDLE_IDENTIFIER = "com.felixssimoes.architecture-test";
				PRODUCT_NAME = "$(TARGET_NAME)";
				SWIFT_VERSION = 3.0;
			};
			name = Release;
		};
/* End XCBuildConfiguration section */

/* Begin XCConfigurationList section */
		DC16BC5B1DC3A280005FBDC2 /* Build configuration list for PBXProject "architecture_test" */ = {
			isa = XCConfigurationList;
			buildConfigurations = (
				DC16BC701DC3A280005FBDC2 /* Debug */,
				DC16BC711DC3A280005FBDC2 /* Release */,
			);
			defaultConfigurationIsVisible = 0;
			defaultConfigurationName = Release;
		};
		DC16BC721DC3A280005FBDC2 /* Build configuration list for PBXNativeTarget "architecture_test" */ = {
			isa = XCConfigurationList;
			buildConfigurations = (
				DC16BC731DC3A280005FBDC2 /* Debug */,
				DC16BC741DC3A280005FBDC2 /* Release */,
			);
			defaultConfigurationIsVisible = 0;
			defaultConfigurationName = Release;
		};
/* End XCConfigurationList section */
	};
	rootObject = DC16BC581DC3A280005FBDC2 /* Project object */;
}
